// !$*UTF8*$!
{
	archiveVersion = 1;
	classes = {
	};
	objectVersion = 50;
	objects = {

/* Begin PBXBuildFile section */
		FB361BF9256BAC7F0069BC58 /* AppDelegate.swift in Sources */ = {isa = PBXBuildFile; fileRef = FB361BF8256BAC7F0069BC58 /* AppDelegate.swift */; };
		FB361BFB256BAC7F0069BC58 /* SceneDelegate.swift in Sources */ = {isa = PBXBuildFile; fileRef = FB361BFA256BAC7F0069BC58 /* SceneDelegate.swift */; };
		FB361BFD256BAC7F0069BC58 /* WeatherViewController.swift in Sources */ = {isa = PBXBuildFile; fileRef = FB361BFC256BAC7F0069BC58 /* WeatherViewController.swift */; };
		FB361C00256BAC7F0069BC58 /* Main.storyboard in Resources */ = {isa = PBXBuildFile; fileRef = FB361BFE256BAC7F0069BC58 /* Main.storyboard */; };
		FB361C02256BAC800069BC58 /* Assets.xcassets in Resources */ = {isa = PBXBuildFile; fileRef = FB361C01256BAC800069BC58 /* Assets.xcassets */; };
		FB361C05256BAC800069BC58 /* LaunchScreen.storyboard in Resources */ = {isa = PBXBuildFile; fileRef = FB361C03256BAC800069BC58 /* LaunchScreen.storyboard */; };
		FB361C32256BFD7C0069BC58 /* WeatherManager.swift in Sources */ = {isa = PBXBuildFile; fileRef = FB361C31256BFD7C0069BC58 /* WeatherManager.swift */; };
		FB361C35256C4D2B0069BC58 /* WeatherData.swift in Sources */ = {isa = PBXBuildFile; fileRef = FB361C34256C4D2B0069BC58 /* WeatherData.swift */; };
		FB361C38256C5D6F0069BC58 /* WeatherModel.swift in Sources */ = {isa = PBXBuildFile; fileRef = FB361C37256C5D6F0069BC58 /* WeatherModel.swift */; };
/* End PBXBuildFile section */

/* Begin PBXFileReference section */
		FB361BF5256BAC7F0069BC58 /* WeatherApp.app */ = {isa = PBXFileReference; explicitFileType = wrapper.application; includeInIndex = 0; path = WeatherApp.app; sourceTree = BUILT_PRODUCTS_DIR; };
		FB361BF8256BAC7F0069BC58 /* AppDelegate.swift */ = {isa = PBXFileReference; lastKnownFileType = sourcecode.swift; path = AppDelegate.swift; sourceTree = "<group>"; };
		FB361BFA256BAC7F0069BC58 /* SceneDelegate.swift */ = {isa = PBXFileReference; lastKnownFileType = sourcecode.swift; path = SceneDelegate.swift; sourceTree = "<group>"; };
		FB361BFC256BAC7F0069BC58 /* WeatherViewController.swift */ = {isa = PBXFileReference; lastKnownFileType = sourcecode.swift; path = WeatherViewController.swift; sourceTree = "<group>"; };
		FB361BFF256BAC7F0069BC58 /* Base */ = {isa = PBXFileReference; lastKnownFileType = file.storyboard; name = Base; path = Base.lproj/Main.storyboard; sourceTree = "<group>"; };
		FB361C01256BAC800069BC58 /* Assets.xcassets */ = {isa = PBXFileReference; lastKnownFileType = folder.assetcatalog; path = Assets.xcassets; sourceTree = "<group>"; };
		FB361C04256BAC800069BC58 /* Base */ = {isa = PBXFileReference; lastKnownFileType = file.storyboard; name = Base; path = Base.lproj/LaunchScreen.storyboard; sourceTree = "<group>"; };
		FB361C06256BAC800069BC58 /* Info.plist */ = {isa = PBXFileReference; lastKnownFileType = text.plist.xml; path = Info.plist; sourceTree = "<group>"; };
		FB361C31256BFD7C0069BC58 /* WeatherManager.swift */ = {isa = PBXFileReference; lastKnownFileType = sourcecode.swift; path = WeatherManager.swift; sourceTree = "<group>"; };
		FB361C34256C4D2B0069BC58 /* WeatherData.swift */ = {isa = PBXFileReference; lastKnownFileType = sourcecode.swift; path = WeatherData.swift; sourceTree = "<group>"; };
		FB361C37256C5D6F0069BC58 /* WeatherModel.swift */ = {isa = PBXFileReference; lastKnownFileType = sourcecode.swift; path = WeatherModel.swift; sourceTree = "<group>"; };
/* End PBXFileReference section */

/* Begin PBXFrameworksBuildPhase section */
		FB361BF2256BAC7F0069BC58 /* Frameworks */ = {
			isa = PBXFrameworksBuildPhase;
			buildActionMask = 2147483647;
			files = (
			);
			runOnlyForDeploymentPostprocessing = 0;
		};
/* End PBXFrameworksBuildPhase section */

/* Begin PBXGroup section */
		FB361BEC256BAC7F0069BC58 = {
			isa = PBXGroup;
			children = (
				FB361BF7256BAC7F0069BC58 /* WeatherApp */,
			);
			sourceTree = "<group>";
		};
		FB361BF6256BAC7F0069BC58 /* Products */ = {
			isa = PBXGroup;
			children = (
				FB361BF5256BAC7F0069BC58 /* WeatherApp.app */,
			);
			name = Products;
			path = ..;
			sourceTree = "<group>";
		};
		FB361BF7256BAC7F0069BC58 /* WeatherApp */ = {
			isa = PBXGroup;
			children = (
				FB361BF8256BAC7F0069BC58 /* AppDelegate.swift */,
				FB361BFA256BAC7F0069BC58 /* SceneDelegate.swift */,
				FB361C16256BAE380069BC58 /* Model */,
				FB361C12256BADE10069BC58 /* View */,
				FB361C14256BAE240069BC58 /* Controller */,
				FB361C01256BAC800069BC58 /* Assets.xcassets */,
				FB361C03256BAC800069BC58 /* LaunchScreen.storyboard */,
				FB361C06256BAC800069BC58 /* Info.plist */,
				FB361BF6256BAC7F0069BC58 /* Products */,
			);
			path = WeatherApp;
			sourceTree = "<group>";
		};
		FB361C12256BADE10069BC58 /* View */ = {
			isa = PBXGroup;
			children = (
				FB361BFE256BAC7F0069BC58 /* Main.storyboard */,
			);
			path = View;
			sourceTree = "<group>";
		};
		FB361C14256BAE240069BC58 /* Controller */ = {
			isa = PBXGroup;
			children = (
				FB361BFC256BAC7F0069BC58 /* WeatherViewController.swift */,
			);
			path = Controller;
			sourceTree = "<group>";
		};
		FB361C16256BAE380069BC58 /* Model */ = {
			isa = PBXGroup;
			children = (
				FB361C31256BFD7C0069BC58 /* WeatherManager.swift */,
				FB361C37256C5D6F0069BC58 /* WeatherModel.swift */,
				FB361C34256C4D2B0069BC58 /* WeatherData.swift */,
			);
			path = Model;
			sourceTree = "<group>";
		};
/* End PBXGroup section */

/* Begin PBXNativeTarget section */
		FB361BF4256BAC7F0069BC58 /* WeatherApp */ = {
			isa = PBXNativeTarget;
			buildConfigurationList = FB361C09256BAC800069BC58 /* Build configuration list for PBXNativeTarget "WeatherApp" */;
			buildPhases = (
				FB361BF1256BAC7F0069BC58 /* Sources */,
				FB361BF2256BAC7F0069BC58 /* Frameworks */,
				FB361BF3256BAC7F0069BC58 /* Resources */,
			);
			buildRules = (
			);
			dependencies = (
			);
			name = WeatherApp;
			productName = WeatherApp;
			productReference = FB361BF5256BAC7F0069BC58 /* WeatherApp.app */;
			productType = "com.apple.product-type.application";
		};
/* End PBXNativeTarget section */

/* Begin PBXProject section */
		FB361BED256BAC7F0069BC58 /* Project object */ = {
			isa = PBXProject;
			attributes = {
				LastSwiftUpdateCheck = 1220;
				LastUpgradeCheck = 1220;
				TargetAttributes = {
					FB361BF4256BAC7F0069BC58 = {
						CreatedOnToolsVersion = 12.2;
					};
				};
			};
			buildConfigurationList = FB361BF0256BAC7F0069BC58 /* Build configuration list for PBXProject "WeatherApp" */;
			compatibilityVersion = "Xcode 9.3";
			developmentRegion = en;
			hasScannedForEncodings = 0;
			knownRegions = (
				en,
				Base,
			);
			mainGroup = FB361BEC256BAC7F0069BC58;
			productRefGroup = FB361BF6256BAC7F0069BC58 /* Products */;
			projectDirPath = "";
			projectRoot = "";
			targets = (
				FB361BF4256BAC7F0069BC58 /* WeatherApp */,
			);
		};
/* End PBXProject section */

/* Begin PBXResourcesBuildPhase section */
		FB361BF3256BAC7F0069BC58 /* Resources */ = {
			isa = PBXResourcesBuildPhase;
			buildActionMask = 2147483647;
			files = (
				FB361C05256BAC800069BC58 /* LaunchScreen.storyboard in Resources */,
				FB361C02256BAC800069BC58 /* Assets.xcassets in Resources */,
				FB361C00256BAC7F0069BC58 /* Main.storyboard in Resources */,
			);
			runOnlyForDeploymentPostprocessing = 0;
		};
/* End PBXResourcesBuildPhase section */

/* Begin PBXSourcesBuildPhase section */
		FB361BF1256BAC7F0069BC58 /* Sources */ = {
			isa = PBXSourcesBuildPhase;
			buildActionMask = 2147483647;
			files = (
				FB361BFD256BAC7F0069BC58 /* WeatherViewController.swift in Sources */,
				FB361C35256C4D2B0069BC58 /* WeatherData.swift in Sources */,
				FB361BF9256BAC7F0069BC58 /* AppDelegate.swift in Sources */,
				FB361C32256BFD7C0069BC58 /* WeatherManager.swift in Sources */,
				FB361C38256C5D6F0069BC58 /* WeatherModel.swift in Sources */,
				FB361BFB256BAC7F0069BC58 /* SceneDelegate.swift in Sources */,
			);
			runOnlyForDeploymentPostprocessing = 0;
		};
/* End PBXSourcesBuildPhase section */

/* Begin PBXVariantGroup section */
		FB361BFE256BAC7F0069BC58 /* Main.storyboard */ = {
			isa = PBXVariantGroup;
			children = (
				FB361BFF256BAC7F0069BC58 /* Base */,
			);
			name = Main.storyboard;
			sourceTree = "<group>";
		};
		FB361C03256BAC800069BC58 /* LaunchScreen.storyboard */ = {
			isa = PBXVariantGroup;
			children = (
				FB361C04256BAC800069BC58 /* Base */,
			);
			name = LaunchScreen.storyboard;
			sourceTree = "<group>";
		};
/* End PBXVariantGroup section */

/* Begin XCBuildConfiguration section */
		FB361C07256BAC800069BC58 /* Debug */ = {
			isa = XCBuildConfiguration;
			buildSettings = {
				ALWAYS_SEARCH_USER_PATHS = NO;
				CLANG_ANALYZER_NONNULL = YES;
				CLANG_ANALYZER_NUMBER_OBJECT_CONVERSION = YES_AGGRESSIVE;
				CLANG_CXX_LANGUAGE_STANDARD = "gnu++14";
				CLANG_CXX_LIBRARY = "libc++";
				CLANG_ENABLE_MODULES = YES;
				CLANG_ENABLE_OBJC_ARC = YES;
				CLANG_ENABLE_OBJC_WEAK = YES;
				CLANG_WARN_BLOCK_CAPTURE_AUTORELEASING = YES;
				CLANG_WARN_BOOL_CONVERSION = YES;
				CLANG_WARN_COMMA = YES;
				CLANG_WARN_CONSTANT_CONVERSION = YES;
				CLANG_WARN_DEPRECATED_OBJC_IMPLEMENTATIONS = YES;
				CLANG_WARN_DIRECT_OBJC_ISA_USAGE = YES_ERROR;
				CLANG_WARN_DOCUMENTATION_COMMENTS = YES;
				CLANG_WARN_EMPTY_BODY = YES;
				CLANG_WARN_ENUM_CONVERSION = YES;
				CLANG_WARN_INFINITE_RECURSION = YES;
				CLANG_WARN_INT_CONVERSION = YES;
				CLANG_WARN_NON_LITERAL_NULL_CONVERSION = YES;
				CLANG_WARN_OBJC_IMPLICIT_RETAIN_SELF = YES;
				CLANG_WARN_OBJC_LITERAL_CONVERSION = YES;
				CLANG_WARN_OBJC_ROOT_CLASS = YES_ERROR;
				CLANG_WARN_QUOTED_INCLUDE_IN_FRAMEWORK_HEADER = YES;
				CLANG_WARN_RANGE_LOOP_ANALYSIS = YES;
				CLANG_WARN_STRICT_PROTOTYPES = YES;
				CLANG_WARN_SUSPICIOUS_MOVE = YES;
				CLANG_WARN_UNGUARDED_AVAILABILITY = YES_AGGRESSIVE;
				CLANG_WARN_UNREACHABLE_CODE = YES;
				CLANG_WARN__DUPLICATE_METHOD_MATCH = YES;
				COPY_PHASE_STRIP = NO;
				DEBUG_INFORMATION_FORMAT = dwarf;
				ENABLE_STRICT_OBJC_MSGSEND = YES;
				ENABLE_TESTABILITY = YES;
				GCC_C_LANGUAGE_STANDARD = gnu11;
				GCC_DYNAMIC_NO_PIC = NO;
				GCC_NO_COMMON_BLOCKS = YES;
				GCC_OPTIMIZATION_LEVEL = 0;
				GCC_PREPROCESSOR_DEFINITIONS = (
					"DEBUG=1",
					"$(inherited)",
				);
				GCC_WARN_64_TO_32_BIT_CONVERSION = YES;
				GCC_WARN_ABOUT_RETURN_TYPE = YES_ERROR;
				GCC_WARN_UNDECLARED_SELECTOR = YES;
				GCC_WARN_UNINITIALIZED_AUTOS = YES_AGGRESSIVE;
				GCC_WARN_UNUSED_FUNCTION = YES;
				GCC_WARN_UNUSED_VARIABLE = YES;
				IPHONEOS_DEPLOYMENT_TARGET = 14.2;
				MTL_ENABLE_DEBUG_INFO = INCLUDE_SOURCE;
				MTL_FAST_MATH = YES;
				ONLY_ACTIVE_ARCH = YES;
				SDKROOT = iphoneos;
				SWIFT_ACTIVE_COMPILATION_CONDITIONS = DEBUG;
				SWIFT_OPTIMIZATION_LEVEL = "-Onone";
			};
			name = Debug;
		};
		FB361C08256BAC800069BC58 /* Release */ = {
			isa = XCBuildConfiguration;
			buildSettings = {
				ALWAYS_SEARCH_USER_PATHS = NO;
				CLANG_ANALYZER_NONNULL = YES;
				CLANG_ANALYZER_NUMBER_OBJECT_CONVERSION = YES_AGGRESSIVE;
				CLANG_CXX_LANGUAGE_STANDARD = "gnu++14";
				CLANG_CXX_LIBRARY = "libc++";
				CLANG_ENABLE_MODULES = YES;
				CLANG_ENABLE_OBJC_ARC = YES;
				CLANG_ENABLE_OBJC_WEAK = YES;
				CLANG_WARN_BLOCK_CAPTURE_AUTORELEASING = YES;
				CLANG_WARN_BOOL_CONVERSION = YES;
				CLANG_WARN_COMMA = YES;
				CLANG_WARN_CONSTANT_CONVERSION = YES;
				CLANG_WARN_DEPRECATED_OBJC_IMPLEMENTATIONS = YES;
				CLANG_WARN_DIRECT_OBJC_ISA_USAGE = YES_ERROR;
				CLANG_WARN_DOCUMENTATION_COMMENTS = YES;
				CLANG_WARN_EMPTY_BODY = YES;
				CLANG_WARN_ENUM_CONVERSION = YES;
				CLANG_WARN_INFINITE_RECURSION = YES;
				CLANG_WARN_INT_CONVERSION = YES;
				CLANG_WARN_NON_LITERAL_NULL_CONVERSION = YES;
				CLANG_WARN_OBJC_IMPLICIT_RETAIN_SELF = YES;
				CLANG_WARN_OBJC_LITERAL_CONVERSION = YES;
				CLANG_WARN_OBJC_ROOT_CLASS = YES_ERROR;
				CLANG_WARN_QUOTED_INCLUDE_IN_FRAMEWORK_HEADER = YES;
				CLANG_WARN_RANGE_LOOP_ANALYSIS = YES;
				CLANG_WARN_STRICT_PROTOTYPES = YES;
				CLANG_WARN_SUSPICIOUS_MOVE = YES;
				CLANG_WARN_UNGUARDED_AVAILABILITY = YES_AGGRESSIVE;
				CLANG_WARN_UNREACHABLE_CODE = YES;
				CLANG_WARN__DUPLICATE_METHOD_MATCH = YES;
				COPY_PHASE_STRIP = NO;
				DEBUG_INFORMATION_FORMAT = "dwarf-with-dsym";
				ENABLE_NS_ASSERTIONS = NO;
				ENABLE_STRICT_OBJC_MSGSEND = YES;
				GCC_C_LANGUAGE_STANDARD = gnu11;
				GCC_NO_COMMON_BLOCKS = YES;
				GCC_WARN_64_TO_32_BIT_CONVERSION = YES;
				GCC_WARN_ABOUT_RETURN_TYPE = YES_ERROR;
				GCC_WARN_UNDECLARED_SELECTOR = YES;
				GCC_WARN_UNINITIALIZED_AUTOS = YES_AGGRESSIVE;
				GCC_WARN_UNUSED_FUNCTION = YES;
				GCC_WARN_UNUSED_VARIABLE = YES;
				IPHONEOS_DEPLOYMENT_TARGET = 14.2;
				MTL_ENABLE_DEBUG_INFO = NO;
				MTL_FAST_MATH = YES;
				SDKROOT = iphoneos;
				SWIFT_COMPILATION_MODE = wholemodule;
				SWIFT_OPTIMIZATION_LEVEL = "-O";
				VALIDATE_PRODUCT = YES;
			};
			name = Release;
		};
		FB361C0A256BAC800069BC58 /* Debug */ = {
			isa = XCBuildConfiguration;
			buildSettings = {
				ASSETCATALOG_COMPILER_APPICON_NAME = AppIcon;
				ASSETCATALOG_COMPILER_GLOBAL_ACCENT_COLOR_NAME = AccentColor;
				CODE_SIGN_STYLE = Automatic;
				DEVELOPMENT_TEAM = V2P88DAU6T;
				INFOPLIST_FILE = WeatherApp/Info.plist;
				LD_RUNPATH_SEARCH_PATHS = (
					"$(inherited)",
					"@executable_path/Frameworks",
				);
				PRODUCT_BUNDLE_IDENTIFIER = "Dmitry-Kirichenko.WeatherApp";
				PRODUCT_NAME = "$(TARGET_NAME)";
				SWIFT_VERSION = 5.0;
				TARGETED_DEVICE_FAMILY = "1,2";
			};
			name = Debug;
		};
		FB361C0B256BAC800069BC58 /* Release */ = {
			isa = XCBuildConfiguration;
			buildSettings = {
				ASSETCATALOG_COMPILER_APPICON_NAME = AppIcon;
				ASSETCATALOG_COMPILER_GLOBAL_ACCENT_COLOR_NAME = AccentColor;
				CODE_SIGN_STYLE = Automatic;
				DEVELOPMENT_TEAM = V2P88DAU6T;
				INFOPLIST_FILE = WeatherApp/Info.plist;
				LD_RUNPATH_SEARCH_PATHS = (
					"$(inherited)",
					"@executable_path/Frameworks",
				);
				PRODUCT_BUNDLE_IDENTIFIER = "Dmitry-Kirichenko.WeatherApp";
				PRODUCT_NAME = "$(TARGET_NAME)";
				SWIFT_VERSION = 5.0;
				TARGETED_DEVICE_FAMILY = "1,2";
			};
			name = Release;
		};
/* End XCBuildConfiguration section */

/* Begin XCConfigurationList section */
		FB361BF0256BAC7F0069BC58 /* Build configuration list for PBXProject "WeatherApp" */ = {
			isa = XCConfigurationList;
			buildConfigurations = (
				FB361C07256BAC800069BC58 /* Debug */,
				FB361C08256BAC800069BC58 /* Release */,
			);
			defaultConfigurationIsVisible = 0;
			defaultConfigurationName = Release;
		};
		FB361C09256BAC800069BC58 /* Build configuration list for PBXNativeTarget "WeatherApp" */ = {
			isa = XCConfigurationList;
			buildConfigurations = (
				FB361C0A256BAC800069BC58 /* Debug */,
				FB361C0B256BAC800069BC58 /* Release */,
			);
			defaultConfigurationIsVisible = 0;
			defaultConfigurationName = Release;
		};
/* End XCConfigurationList section */
	};
	rootObject = FB361BED256BAC7F0069BC58 /* Project object */;
}
